# @generated by Move, please check-in and do not edit manually.

[move]
version = 3
manifest_digest = "F798CDB8184F41479CB41220AC7BD50F457D955F995B12E59AA9EEBE04C8A7F5"
deps_digest = "397E6A9F7A624706DBDFEE056CE88391A15876868FD18A88504DA74EB458D697"
dependencies = [
  { id = "Bridge", name = "Bridge" },
  { id = "MoveStdlib", name = "MoveStdlib" },
  { id = "Sui", name = "Sui" },
  { id = "SuiSystem", name = "SuiSystem" },
  { id = "openplay_core", name = "openplay_core" },
]

[[move.package]]
id = "Bridge"
source = { git = "https://github.com/MystenLabs/sui.git", rev = "04f11afaf5e0", subdir = "crates/sui-framework/packages/bridge" }

dependencies = [
  { id = "MoveStdlib", name = "MoveStdlib" },
  { id = "Sui", name = "Sui" },
  { id = "SuiSystem", name = "SuiSystem" },
]

[[move.package]]
id = "MoveStdlib"
source = { git = "https://github.com/MystenLabs/sui.git", rev = "04f11afaf5e0", subdir = "crates/sui-framework/packages/move-stdlib" }

[[move.package]]
id = "Sui"
source = { git = "https://github.com/MystenLabs/sui.git", rev = "04f11afaf5e0", subdir = "crates/sui-framework/packages/sui-framework" }

dependencies = [
  { id = "MoveStdlib", name = "MoveStdlib" },
]

[[move.package]]
id = "SuiSystem"
source = { git = "https://github.com/MystenLabs/sui.git", rev = "04f11afaf5e0", subdir = "crates/sui-framework/packages/sui-system" }

dependencies = [
  { id = "MoveStdlib", name = "MoveStdlib" },
  { id = "Sui", name = "Sui" },
]

[[move.package]]
id = "openplay_core"
source = { local = "../openplay_core" }

dependencies = [
  { id = "Bridge", name = "Bridge" },
  { id = "MoveStdlib", name = "MoveStdlib" },
  { id = "Sui", name = "Sui" },
  { id = "SuiSystem", name = "SuiSystem" },
]

[move.toolchain-version]
compiler-version = "1.46.2"
edition = "2024.beta"
flavor = "sui"

[env]

[env.localnet]
chain-id = "a312e820"
original-published-id = "0xdf469251ba8b75262d354b4c1c4107e7ae49d905480270b678c62a3c4f10a8cb"
latest-published-id = "0xdf469251ba8b75262d354b4c1c4107e7ae49d905480270b678c62a3c4f10a8cb"
published-version = "1"

[env.testnet]
chain-id = "4c78adac"
original-published-id = "0x5f956e17034d35d9c66a429f8e312c2ce8daad4190c36a992b956ca94f924226"
latest-published-id = "0x5f956e17034d35d9c66a429f8e312c2ce8daad4190c36a992b956ca94f924226"
published-version = "1"

[env.mainnet]
chain-id = "35834a8a"
original-published-id = "0x2ff81d5d87ef2847d26de1920c70871f3a90b9d7471c917c9dd41f75c3dd4709"
latest-published-id = "0x2ff81d5d87ef2847d26de1920c70871f3a90b9d7471c917c9dd41f75c3dd4709"
published-version = "1"
