# @generated by Move, please check-in and do not edit manually.

[move]
version = 3
manifest_digest = "83E2646DB69FE7BF7D0446F3506C9F902F8A31CB74B7EF6CFEF30256AC1D798E"
deps_digest = "3C4103934B1E040BB6B23F1D610B4EF9F2F1166A50A104EADCF77467C004C600"
dependencies = [
  { id = "Sui", name = "Sui" },
  { id = "openplay_core", name = "openplay_core" },
]

[[move.package]]
id = "MoveStdlib"
source = { local = "../../../sui_from_source/crates/sui-framework/packages/move-stdlib" }

[[move.package]]
id = "Sui"
source = { local = "../../../sui_from_source/crates/sui-framework/packages/sui-framework" }

dependencies = [
  { id = "MoveStdlib", name = "MoveStdlib" },
]

[[move.package]]
id = "openplay_core"
source = { local = "../openplay_core" }

dependencies = [
  { id = "Sui", name = "Sui" },
]

[move.toolchain-version]
compiler-version = "1.38.3"
edition = "2024.beta"
flavor = "sui"

[env]

[env.localnet]
chain-id = "0a86d10b"
original-published-id = "0x307264d88fdfb449a70187a53d054a050233abf1ca73fec68de626523eaa2065"
latest-published-id = "0x307264d88fdfb449a70187a53d054a050233abf1ca73fec68de626523eaa2065"
published-version = "1"
