# @generated by Move, please check-in and do not edit manually.

[move]
version = 3
manifest_digest = "83E2646DB69FE7BF7D0446F3506C9F902F8A31CB74B7EF6CFEF30256AC1D798E"
deps_digest = "3C4103934B1E040BB6B23F1D610B4EF9F2F1166A50A104EADCF77467C004C600"
dependencies = [
  { id = "Sui", name = "Sui" },
  { id = "openplay_core", name = "openplay_core" },
]

[[move.package]]
id = "MoveStdlib"
source = { local = "../../../sui_from_source/crates/sui-framework/packages/move-stdlib" }

[[move.package]]
id = "Sui"
source = { local = "../../../sui_from_source/crates/sui-framework/packages/sui-framework" }

dependencies = [
  { id = "MoveStdlib", name = "MoveStdlib" },
]

[[move.package]]
id = "openplay_core"
source = { local = "../openplay_core" }

dependencies = [
  { id = "Sui", name = "Sui" },
]

[move.toolchain-version]
compiler-version = "1.38.3"
edition = "2024.beta"
flavor = "sui"

[env]

[env.localnet]
chain-id = "d10548ec"
original-published-id = "0xf9f263e2297a634f0bd90269f55c9501f2914a026a2ff6c6d9cb37b398cd35f4"
latest-published-id = "0xf9f263e2297a634f0bd90269f55c9501f2914a026a2ff6c6d9cb37b398cd35f4"
published-version = "1"
